
Microsoft Visual Studio Solution File, Format Version 11.00
# Visual Basic Express 2010
Project("{F184B08F-C81C-45F6-A57F-5ABD9991F28F}") = "SynchTwinRcEngine_Interface", "SynchTwinRcEngine_Interface\SynchTwinRcEngine_Interface.vbproj", "{95FE8BB6-7E0F-443E-9ECA-F9C5F208C2C1}"
EndProject
Global
	GlobalSection(SolutionConfigurationPlatforms) = preSolution
		Debug|x86 = Debug|x86
		Release|x86 = Release|x86
	EndGlobalSection
	GlobalSection(ProjectConfigurationPlatforms) = postSolution
		{95FE8BB6-7E0F-443E-9ECA-F9C5F208C2C1}.Debug|x86.ActiveCfg = Debug|x86
		{95FE8BB6-7E0F-443E-9ECA-F9C5F208C2C1}.Debug|x86.Build.0 = Debug|x86
		{95FE8BB6-7E0F-443E-9ECA-F9C5F208C2C1}.Release|x86.ActiveCfg = Release|x86
		{95FE8BB6-7E0F-443E-9ECA-F9C5F208C2C1}.Release|x86.Build.0 = Release|x86
	EndGlobalSection
	GlobalSection(SolutionProperties) = preSolution
		HideSolutionNode = FALSE
	EndGlobalSection
EndGlobal
